// !$*UTF8*$!
{
	archiveVersion = 1;
	classes = {
	};
	objectVersion = 51;
	objects = {

/* Begin PBXBuildFile section */
		100096B1A59ED7C3BC339F43 /* TRTCRegisterViewController.swift in Sources */ = {isa = PBXBuildFile; fileRef = 640045D3D0E4ABFB20448706 /* TRTCRegisterViewController.swift */; };
		19D536666D99AD8636DA18E8 /* TRTCLoginViewController.swift in Sources */ = {isa = PBXBuildFile; fileRef = 0E1051D959C00000FD1AC0DD /* TRTCLoginViewController.swift */; };
		1A35028112B7F92C896FC7FF /* UserAgreementViewController+UI.swift in Sources */ = {isa = PBXBuildFile; fileRef = 09E41FA60122A41EDB67B318 /* UserAgreementViewController+UI.swift */; };
		353C09689E47958A221A4D9B /* LoginLocalized.strings in Resources */ = {isa = PBXBuildFile; fileRef = A7D3308EF84DBE4F4186E701 /* LoginLocalized.strings */; };
		40DD29A62643959A00DC4BA8 /* AppDelegate.swift in Sources */ = {isa = PBXBuildFile; fileRef = 40DD29A52643959A00DC4BA8 /* AppDelegate.swift */; };
		40DD29A82643959A00DC4BA8 /* SceneDelegate.swift in Sources */ = {isa = PBXBuildFile; fileRef = 40DD29A72643959A00DC4BA8 /* SceneDelegate.swift */; };
		40DD29AA2643959A00DC4BA8 /* ViewController.swift in Sources */ = {isa = PBXBuildFile; fileRef = 40DD29A92643959A00DC4BA8 /* ViewController.swift */; };
		40DD29B22643959C00DC4BA8 /* LaunchScreen.storyboard in Resources */ = {isa = PBXBuildFile; fileRef = 40DD29B02643959C00DC4BA8 /* LaunchScreen.storyboard */; };
		46343782AB3D094CDCA1A771 /* LayoutDefine.swift in Sources */ = {isa = PBXBuildFile; fileRef = 6EDB40AE85AC24B3E320AEA3 /* LayoutDefine.swift */; };
		470769D726491E26004F4347 /* GenerateTestUserSig.swift in Sources */ = {isa = PBXBuildFile; fileRef = 470769D626491E26004F4347 /* GenerateTestUserSig.swift */; };
		470EB68D266A29730072071F /* VoiceRoomMainViewController.swift in Sources */ = {isa = PBXBuildFile; fileRef = 470EB683266A29730072071F /* VoiceRoomMainViewController.swift */; };
		470EB68E266A29730072071F /* VoiceRoomMainRootView.swift in Sources */ = {isa = PBXBuildFile; fileRef = 470EB684266A29730072071F /* VoiceRoomMainRootView.swift */; };
		470EB68F266A29730072071F /* VoiceRoomLocalized.swift in Sources */ = {isa = PBXBuildFile; fileRef = 470EB687266A29730072071F /* VoiceRoomLocalized.swift */; };
		470EB690266A29730072071F /* VoiceRoomLocalized.strings in Resources */ = {isa = PBXBuildFile; fileRef = 470EB688266A29730072071F /* VoiceRoomLocalized.strings */; };
		470EB691266A29730072071F /* LiveRoomAssets.xcassets in Resources */ = {isa = PBXBuildFile; fileRef = 470EB68C266A29730072071F /* LiveRoomAssets.xcassets */; };
		470EB692266A2BBB0072071F /* Assets.xcassets in Resources */ = {isa = PBXBuildFile; fileRef = 40DD29AE2643959C00DC4BA8 /* Assets.xcassets */; };
		470EB6D2266A47DF0072071F /* LaunchImage_en@2x.png in Resources */ = {isa = PBXBuildFile; fileRef = 470EB6CE266A47DF0072071F /* LaunchImage_en@2x.png */; };
		470EB6D3266A47DF0072071F /* LaunchImage@3x.png in Resources */ = {isa = PBXBuildFile; fileRef = 470EB6CF266A47DF0072071F /* LaunchImage@3x.png */; };
		470EB6D4266A47DF0072071F /* LaunchImage_en@3x.png in Resources */ = {isa = PBXBuildFile; fileRef = 470EB6D0266A47DF0072071F /* LaunchImage_en@3x.png */; };
		470EB6D5266A47DF0072071F /* LaunchImage@2x.png in Resources */ = {isa = PBXBuildFile; fileRef = 470EB6D1266A47DF0072071F /* LaunchImage@2x.png */; };
		470EB6D8266A47E70072071F /* LaunchScreen_en.storyboard in Resources */ = {isa = PBXBuildFile; fileRef = 470EB6D6266A47E70072071F /* LaunchScreen_en.storyboard */; };
		470EB6DB266A47FA0072071F /* InfoPlist.strings in Resources */ = {isa = PBXBuildFile; fileRef = 470EB6DD266A47FA0072071F /* InfoPlist.strings */; };
		4D2D06E4B7AC1B66B6AC3E54 /* UserAgreementViewController.swift in Sources */ = {isa = PBXBuildFile; fileRef = 7E037D9EB350737EA54888B8 /* UserAgreementViewController.swift */; };
		504EB2DACFB8B5F88A874A14 /* TRTCLoginRootView.swift in Sources */ = {isa = PBXBuildFile; fileRef = 4B76356F24AE708F13CA4077 /* TRTCLoginRootView.swift */; };
		6156CECA841D2F3F58AADE75 /* Pods_TUIVoiceRoomApp.framework in Frameworks */ = {isa = PBXBuildFile; fileRef = 3C0B83629490FE130A44B34B /* Pods_TUIVoiceRoomApp.framework */; };
		66E666517F3F55948223D103 /* TRTCRegisterRootView.swift in Sources */ = {isa = PBXBuildFile; fileRef = DC2DD9778913DBF80ACAA999 /* TRTCRegisterRootView.swift */; };
		67B8B4AB29F7CEB936ED96CB /* LoginLocalized.strings in Resources */ = {isa = PBXBuildFile; fileRef = BEE5C838175DB08533F48068 /* LoginLocalized.strings */; };
		73B27B8006C8A5EFDB4EA1F1 /* LoginLocalized.swift in Sources */ = {isa = PBXBuildFile; fileRef = E57F1ECF106D13031BD000BA /* LoginLocalized.swift */; };
		BCB0024AF310B2AB60BEA77C /* ProfileManager_Mock.swift in Sources */ = {isa = PBXBuildFile; fileRef = 702F9B73818E2110BA21F122 /* ProfileManager_Mock.swift */; };
		E3B46ED709F20F43117BDE5C /* AppUtils.swift in Sources */ = {isa = PBXBuildFile; fileRef = AEE9281A637B5AE2D29A5749 /* AppUtils.swift */; };
/* End PBXBuildFile section */

/* Begin PBXFileReference section */
		09E41FA60122A41EDB67B318 /* UserAgreementViewController+UI.swift */ = {isa = PBXFileReference; includeInIndex = 1; lastKnownFileType = sourcecode.swift; path = "UserAgreementViewController+UI.swift"; sourceTree = "<group>"; };
		0E1051D959C00000FD1AC0DD /* TRTCLoginViewController.swift */ = {isa = PBXFileReference; includeInIndex = 1; lastKnownFileType = sourcecode.swift; path = TRTCLoginViewController.swift; sourceTree = "<group>"; };
		3C0B83629490FE130A44B34B /* Pods_TUIVoiceRoomApp.framework */ = {isa = PBXFileReference; explicitFileType = wrapper.framework; includeInIndex = 0; path = Pods_TUIVoiceRoomApp.framework; sourceTree = BUILT_PRODUCTS_DIR; };
		3E808B877223D2A00E1AF098 /* Pods-TRTCVoiceRoomApp.debug.xcconfig */ = {isa = PBXFileReference; includeInIndex = 1; lastKnownFileType = text.xcconfig; name = "Pods-TRTCVoiceRoomApp.debug.xcconfig"; path = "Target Support Files/Pods-TRTCVoiceRoomApp/Pods-TRTCVoiceRoomApp.debug.xcconfig"; sourceTree = "<group>"; };
		40DD29A22643959A00DC4BA8 /* TUIVoiceRoomApp.app */ = {isa = PBXFileReference; explicitFileType = wrapper.application; includeInIndex = 0; path = TUIVoiceRoomApp.app; sourceTree = BUILT_PRODUCTS_DIR; };
		40DD29A52643959A00DC4BA8 /* AppDelegate.swift */ = {isa = PBXFileReference; lastKnownFileType = sourcecode.swift; path = AppDelegate.swift; sourceTree = "<group>"; };
		40DD29A72643959A00DC4BA8 /* SceneDelegate.swift */ = {isa = PBXFileReference; lastKnownFileType = sourcecode.swift; path = SceneDelegate.swift; sourceTree = "<group>"; };
		40DD29A92643959A00DC4BA8 /* ViewController.swift */ = {isa = PBXFileReference; lastKnownFileType = sourcecode.swift; path = ViewController.swift; sourceTree = "<group>"; };
		40DD29AE2643959C00DC4BA8 /* Assets.xcassets */ = {isa = PBXFileReference; lastKnownFileType = folder.assetcatalog; path = Assets.xcassets; sourceTree = "<group>"; };
		40DD29B12643959C00DC4BA8 /* Base */ = {isa = PBXFileReference; lastKnownFileType = file.storyboard; name = Base; path = Base.lproj/LaunchScreen.storyboard; sourceTree = "<group>"; };
		40DD29B32643959C00DC4BA8 /* Info.plist */ = {isa = PBXFileReference; lastKnownFileType = text.plist.xml; path = Info.plist; sourceTree = "<group>"; };
		44A8ACA6F759238593AC2DDF /* Pods-TRTCVoiceRoom.debug.xcconfig */ = {isa = PBXFileReference; includeInIndex = 1; lastKnownFileType = text.xcconfig; name = "Pods-TRTCVoiceRoom.debug.xcconfig"; path = "Target Support Files/Pods-TRTCVoiceRoom/Pods-TRTCVoiceRoom.debug.xcconfig"; sourceTree = "<group>"; };
		4707696C26467252004F4347 /* zh-Hans */ = {isa = PBXFileReference; lastKnownFileType = text.plist.strings; name = "zh-Hans"; path = "zh-Hans.lproj/LaunchScreen.strings"; sourceTree = "<group>"; };
		470769D626491E26004F4347 /* GenerateTestUserSig.swift */ = {isa = PBXFileReference; fileEncoding = 4; lastKnownFileType = sourcecode.swift; path = GenerateTestUserSig.swift; sourceTree = "<group>"; };
		470EB683266A29730072071F /* VoiceRoomMainViewController.swift */ = {isa = PBXFileReference; fileEncoding = 4; lastKnownFileType = sourcecode.swift; path = VoiceRoomMainViewController.swift; sourceTree = "<group>"; };
		470EB684266A29730072071F /* VoiceRoomMainRootView.swift */ = {isa = PBXFileReference; fileEncoding = 4; lastKnownFileType = sourcecode.swift; path = VoiceRoomMainRootView.swift; sourceTree = "<group>"; };
		470EB687266A29730072071F /* VoiceRoomLocalized.swift */ = {isa = PBXFileReference; fileEncoding = 4; lastKnownFileType = sourcecode.swift; path = VoiceRoomLocalized.swift; sourceTree = "<group>"; };
		470EB689266A29730072071F /* zh-Hans */ = {isa = PBXFileReference; lastKnownFileType = text.plist.strings; name = "zh-Hans"; path = "zh-Hans.lproj/VoiceRoomLocalized.strings"; sourceTree = "<group>"; };
		470EB68A266A29730072071F /* en */ = {isa = PBXFileReference; lastKnownFileType = text.plist.strings; name = en; path = en.lproj/VoiceRoomLocalized.strings; sourceTree = "<group>"; };
		470EB68C266A29730072071F /* LiveRoomAssets.xcassets */ = {isa = PBXFileReference; lastKnownFileType = folder.assetcatalog; path = LiveRoomAssets.xcassets; sourceTree = "<group>"; };
		470EB6CE266A47DF0072071F /* LaunchImage_en@2x.png */ = {isa = PBXFileReference; lastKnownFileType = image.png; path = "LaunchImage_en@2x.png"; sourceTree = "<group>"; };
		470EB6CF266A47DF0072071F /* LaunchImage@3x.png */ = {isa = PBXFileReference; lastKnownFileType = image.png; path = "LaunchImage@3x.png"; sourceTree = "<group>"; };
		470EB6D0266A47DF0072071F /* LaunchImage_en@3x.png */ = {isa = PBXFileReference; lastKnownFileType = image.png; path = "LaunchImage_en@3x.png"; sourceTree = "<group>"; };
		470EB6D1266A47DF0072071F /* LaunchImage@2x.png */ = {isa = PBXFileReference; lastKnownFileType = image.png; path = "LaunchImage@2x.png"; sourceTree = "<group>"; };
		470EB6D7266A47E70072071F /* Base */ = {isa = PBXFileReference; lastKnownFileType = file.storyboard; name = Base; path = Base.lproj/LaunchScreen_en.storyboard; sourceTree = "<group>"; };
		470EB6DC266A47FA0072071F /* en */ = {isa = PBXFileReference; lastKnownFileType = text.plist.strings; name = en; path = en.lproj/InfoPlist.strings; sourceTree = "<group>"; };
		470EB6DE266A47FE0072071F /* zh-Hans */ = {isa = PBXFileReference; lastKnownFileType = text.plist.strings; name = "zh-Hans"; path = "zh-Hans.lproj/InfoPlist.strings"; sourceTree = "<group>"; };
		4B76356F24AE708F13CA4077 /* TRTCLoginRootView.swift */ = {isa = PBXFileReference; includeInIndex = 1; lastKnownFileType = sourcecode.swift; path = TRTCLoginRootView.swift; sourceTree = "<group>"; };
		50AF24CC202C741150F42FDA /* Pods-TUIVoiceRoomApp.debug.xcconfig */ = {isa = PBXFileReference; includeInIndex = 1; lastKnownFileType = text.xcconfig; name = "Pods-TUIVoiceRoomApp.debug.xcconfig"; path = "Target Support Files/Pods-TUIVoiceRoomApp/Pods-TUIVoiceRoomApp.debug.xcconfig"; sourceTree = "<group>"; };
		5234C576E3DD25D4F4446BBD /* Pods-TRTCVoiceRoom.release.xcconfig */ = {isa = PBXFileReference; includeInIndex = 1; lastKnownFileType = text.xcconfig; name = "Pods-TRTCVoiceRoom.release.xcconfig"; path = "Target Support Files/Pods-TRTCVoiceRoom/Pods-TRTCVoiceRoom.release.xcconfig"; sourceTree = "<group>"; };
		5C0C6C1E8FB00F13FE521403 /* Pods-TRTCVoiceRoomApp.release.xcconfig */ = {isa = PBXFileReference; includeInIndex = 1; lastKnownFileType = text.xcconfig; name = "Pods-TRTCVoiceRoomApp.release.xcconfig"; path = "Target Support Files/Pods-TRTCVoiceRoomApp/Pods-TRTCVoiceRoomApp.release.xcconfig"; sourceTree = "<group>"; };
		640045D3D0E4ABFB20448706 /* TRTCRegisterViewController.swift */ = {isa = PBXFileReference; includeInIndex = 1; lastKnownFileType = sourcecode.swift; path = TRTCRegisterViewController.swift; sourceTree = "<group>"; };
		6EDB40AE85AC24B3E320AEA3 /* LayoutDefine.swift */ = {isa = PBXFileReference; includeInIndex = 1; lastKnownFileType = sourcecode.swift; path = LayoutDefine.swift; sourceTree = "<group>"; };
		702F9B73818E2110BA21F122 /* ProfileManager_Mock.swift */ = {isa = PBXFileReference; includeInIndex = 1; lastKnownFileType = sourcecode.swift; path = ProfileManager_Mock.swift; sourceTree = "<group>"; };
		7A9774C00A00F3E96CE1E81B /* Pods-TUIVoiceRoomApp.release.xcconfig */ = {isa = PBXFileReference; includeInIndex = 1; lastKnownFileType = text.xcconfig; name = "Pods-TUIVoiceRoomApp.release.xcconfig"; path = "Target Support Files/Pods-TUIVoiceRoomApp/Pods-TUIVoiceRoomApp.release.xcconfig"; sourceTree = "<group>"; };
		7E037D9EB350737EA54888B8 /* UserAgreementViewController.swift */ = {isa = PBXFileReference; includeInIndex = 1; lastKnownFileType = sourcecode.swift; path = UserAgreementViewController.swift; sourceTree = "<group>"; };
		A7D3308EF84DBE4F4186E701 /* LoginLocalized.strings */ = {isa = PBXFileReference; includeInIndex = 1; lastKnownFileType = text.plist.strings; path = LoginLocalized.strings; sourceTree = "<group>"; };
		AEE9281A637B5AE2D29A5749 /* AppUtils.swift */ = {isa = PBXFileReference; includeInIndex = 1; lastKnownFileType = sourcecode.swift; path = AppUtils.swift; sourceTree = "<group>"; };
		BEE5C838175DB08533F48068 /* LoginLocalized.strings */ = {isa = PBXFileReference; includeInIndex = 1; lastKnownFileType = text.plist.strings; path = LoginLocalized.strings; sourceTree = "<group>"; };
		DC2DD9778913DBF80ACAA999 /* TRTCRegisterRootView.swift */ = {isa = PBXFileReference; includeInIndex = 1; lastKnownFileType = sourcecode.swift; path = TRTCRegisterRootView.swift; sourceTree = "<group>"; };
		E57F1ECF106D13031BD000BA /* LoginLocalized.swift */ = {isa = PBXFileReference; includeInIndex = 1; lastKnownFileType = sourcecode.swift; path = LoginLocalized.swift; sourceTree = "<group>"; };
/* End PBXFileReference section */

/* Begin PBXFrameworksBuildPhase section */
		40DD299F2643959A00DC4BA8 /* Frameworks */ = {
			isa = PBXFrameworksBuildPhase;
			buildActionMask = 2147483647;
			files = (
				6156CECA841D2F3F58AADE75 /* Pods_TUIVoiceRoomApp.framework in Frameworks */,
			);
			runOnlyForDeploymentPostprocessing = 0;
		};
/* End PBXFrameworksBuildPhase section */

/* Begin PBXGroup section */
		40BD8685264582F000E98054 /* Debug */ = {
			isa = PBXGroup;
			children = (
				470769D626491E26004F4347 /* GenerateTestUserSig.swift */,
			);
			path = Debug;
			sourceTree = "<group>";
		};
		40DD29992643959A00DC4BA8 = {
			isa = PBXGroup;
			children = (
				40BD8685264582F000E98054 /* Debug */,
				40DD29A42643959A00DC4BA8 /* App */,
				40DD29A32643959A00DC4BA8 /* Products */,
				F5C9E2BF182A74B00EBC1AAA /* Pods */,
				503DAC1FB5F9880868149412 /* Frameworks */,
			);
			sourceTree = "<group>";
		};
		40DD29A32643959A00DC4BA8 /* Products */ = {
			isa = PBXGroup;
			children = (
				40DD29A22643959A00DC4BA8 /* TUIVoiceRoomApp.app */,
			);
			name = Products;
			sourceTree = "<group>";
		};
		40DD29A42643959A00DC4BA8 /* App */ = {
			isa = PBXGroup;
			children = (
				470EB6D6266A47E70072071F /* LaunchScreen_en.storyboard */,
				470EB6CE266A47DF0072071F /* LaunchImage_en@2x.png */,
				470EB6D0266A47DF0072071F /* LaunchImage_en@3x.png */,
				470EB6D1266A47DF0072071F /* LaunchImage@2x.png */,
				470EB6CF266A47DF0072071F /* LaunchImage@3x.png */,
				470EB681266A29730072071F /* Main */,
				40DD29A52643959A00DC4BA8 /* AppDelegate.swift */,
				40DD29A72643959A00DC4BA8 /* SceneDelegate.swift */,
				40DD29A92643959A00DC4BA8 /* ViewController.swift */,
				40DD29AE2643959C00DC4BA8 /* Assets.xcassets */,
				40DD29B02643959C00DC4BA8 /* LaunchScreen.storyboard */,
				40DD29B32643959C00DC4BA8 /* Info.plist */,
				470EB6DD266A47FA0072071F /* InfoPlist.strings */,
				F0E33960A2042869BB1D02A8 /* Login */,
			);
			path = App;
			sourceTree = "<group>";
		};
		470EB681266A29730072071F /* Main */ = {
			isa = PBXGroup;
			children = (
				470EB682266A29730072071F /* ui */,
				470EB685266A29730072071F /* resource */,
			);
			path = Main;
			sourceTree = "<group>";
		};
		470EB682266A29730072071F /* ui */ = {
			isa = PBXGroup;
			children = (
				470EB683266A29730072071F /* VoiceRoomMainViewController.swift */,
				470EB684266A29730072071F /* VoiceRoomMainRootView.swift */,
			);
			path = ui;
			sourceTree = "<group>";
		};
		470EB685266A29730072071F /* resource */ = {
			isa = PBXGroup;
			children = (
				470EB686266A29730072071F /* localized */,
				470EB68B266A29730072071F /* assets */,
			);
			path = resource;
			sourceTree = "<group>";
		};
		470EB686266A29730072071F /* localized */ = {
			isa = PBXGroup;
			children = (
				470EB687266A29730072071F /* VoiceRoomLocalized.swift */,
				470EB688266A29730072071F /* VoiceRoomLocalized.strings */,
			);
			path = localized;
			sourceTree = "<group>";
		};
		470EB68B266A29730072071F /* assets */ = {
			isa = PBXGroup;
			children = (
				470EB68C266A29730072071F /* LiveRoomAssets.xcassets */,
			);
			path = assets;
			sourceTree = "<group>";
		};
		503DAC1FB5F9880868149412 /* Frameworks */ = {
			isa = PBXGroup;
			children = (
				3C0B83629490FE130A44B34B /* Pods_TUIVoiceRoomApp.framework */,
			);
			name = Frameworks;
			sourceTree = "<group>";
		};
		6AEA455500F1D30168F150FA /* en.lproj */ = {
			isa = PBXGroup;
			children = (
				A7D3308EF84DBE4F4186E701 /* LoginLocalized.strings */,
			);
			name = en.lproj;
			path = en.lproj;
			sourceTree = "<group>";
		};
		7B243E4F3C47899EF6C20204 /* zh-Hans.lproj */ = {
			isa = PBXGroup;
			children = (
				BEE5C838175DB08533F48068 /* LoginLocalized.strings */,
			);
			name = "zh-Hans.lproj";
			path = "zh-Hans.lproj";
			sourceTree = "<group>";
		};
		B77ED63F30621C351ABC924F /* AppLocalized */ = {
			isa = PBXGroup;
			children = (
				7B243E4F3C47899EF6C20204 /* zh-Hans.lproj */,
				6AEA455500F1D30168F150FA /* en.lproj */,
				E57F1ECF106D13031BD000BA /* LoginLocalized.swift */,
			);
			name = AppLocalized;
			path = AppLocalized;
			sourceTree = "<group>";
		};
		F0E33960A2042869BB1D02A8 /* Login */ = {
			isa = PBXGroup;
			children = (
				DC2DD9778913DBF80ACAA999 /* TRTCRegisterRootView.swift */,
				4B76356F24AE708F13CA4077 /* TRTCLoginRootView.swift */,
				09E41FA60122A41EDB67B318 /* UserAgreementViewController+UI.swift */,
				B77ED63F30621C351ABC924F /* AppLocalized */,
				0E1051D959C00000FD1AC0DD /* TRTCLoginViewController.swift */,
				702F9B73818E2110BA21F122 /* ProfileManager_Mock.swift */,
				AEE9281A637B5AE2D29A5749 /* AppUtils.swift */,
				640045D3D0E4ABFB20448706 /* TRTCRegisterViewController.swift */,
				7E037D9EB350737EA54888B8 /* UserAgreementViewController.swift */,
				6EDB40AE85AC24B3E320AEA3 /* LayoutDefine.swift */,
			);
			name = Login;
			path = ../Login;
			sourceTree = "<group>";
		};
		F5C9E2BF182A74B00EBC1AAA /* Pods */ = {
			isa = PBXGroup;
			children = (
				44A8ACA6F759238593AC2DDF /* Pods-TRTCVoiceRoom.debug.xcconfig */,
				5234C576E3DD25D4F4446BBD /* Pods-TRTCVoiceRoom.release.xcconfig */,
				3E808B877223D2A00E1AF098 /* Pods-TRTCVoiceRoomApp.debug.xcconfig */,
				5C0C6C1E8FB00F13FE521403 /* Pods-TRTCVoiceRoomApp.release.xcconfig */,
				50AF24CC202C741150F42FDA /* Pods-TUIVoiceRoomApp.debug.xcconfig */,
				7A9774C00A00F3E96CE1E81B /* Pods-TUIVoiceRoomApp.release.xcconfig */,
			);
			path = Pods;
			sourceTree = "<group>";
		};
/* End PBXGroup section */

/* Begin PBXNativeTarget section */
		40DD29A12643959A00DC4BA8 /* TUIVoiceRoomApp */ = {
			isa = PBXNativeTarget;
			buildConfigurationList = 40DD29B62643959C00DC4BA8 /* Build configuration list for PBXNativeTarget "TUIVoiceRoomApp" */;
			buildPhases = (
				168D3F0DDB121930A2E2622C /* [CP] Check Pods Manifest.lock */,
				40DD299E2643959A00DC4BA8 /* Sources */,
				40DD299F2643959A00DC4BA8 /* Frameworks */,
				40DD29A02643959A00DC4BA8 /* Resources */,
				F94B6EF8ED00BA7DD7961719 /* [CP] Embed Pods Frameworks */,
				A5D7D711C0D3E1032017B637 /* [CP] Copy Pods Resources */,
			);
			buildRules = (
			);
			dependencies = (
			);
			name = TUIVoiceRoomApp;
			productName = TRTCVoiceRoom;
			productReference = 40DD29A22643959A00DC4BA8 /* TUIVoiceRoomApp.app */;
			productType = "com.apple.product-type.application";
		};
/* End PBXNativeTarget section */

/* Begin PBXProject section */
		40DD299A2643959A00DC4BA8 /* Project object */ = {
			isa = PBXProject;
			attributes = {
				LastSwiftUpdateCheck = 1240;
				LastUpgradeCheck = 1240;
				TargetAttributes = {
					40DD29A12643959A00DC4BA8 = {
						CreatedOnToolsVersion = 12.4;
					};
				};
			};
			buildConfigurationList = 40DD299D2643959A00DC4BA8 /* Build configuration list for PBXProject "TUIVoiceRoomApp" */;
			compatibilityVersion = "Xcode 9.3";
			developmentRegion = en;
			hasScannedForEncodings = 0;
			knownRegions = (
				en,
				Base,
				"zh-Hans",
			);
			mainGroup = 40DD29992643959A00DC4BA8;
			productRefGroup = 40DD29A32643959A00DC4BA8 /* Products */;
			projectDirPath = "";
			projectRoot = "";
			targets = (
				40DD29A12643959A00DC4BA8 /* TUIVoiceRoomApp */,
			);
		};
/* End PBXProject section */

/* Begin PBXResourcesBuildPhase section */
		40DD29A02643959A00DC4BA8 /* Resources */ = {
			isa = PBXResourcesBuildPhase;
			buildActionMask = 2147483647;
			files = (
				470EB6D5266A47DF0072071F /* LaunchImage@2x.png in Resources */,
				470EB690266A29730072071F /* VoiceRoomLocalized.strings in Resources */,
				470EB6D2266A47DF0072071F /* LaunchImage_en@2x.png in Resources */,
				470EB6D8266A47E70072071F /* LaunchScreen_en.storyboard in Resources */,
				470EB6D4266A47DF0072071F /* LaunchImage_en@3x.png in Resources */,
				40DD29B22643959C00DC4BA8 /* LaunchScreen.storyboard in Resources */,
				470EB6D3266A47DF0072071F /* LaunchImage@3x.png in Resources */,
				470EB691266A29730072071F /* LiveRoomAssets.xcassets in Resources */,
				470EB6DB266A47FA0072071F /* InfoPlist.strings in Resources */,
				470EB692266A2BBB0072071F /* Assets.xcassets in Resources */,
				67B8B4AB29F7CEB936ED96CB /* LoginLocalized.strings in Resources */,
				353C09689E47958A221A4D9B /* LoginLocalized.strings in Resources */,
			);
			runOnlyForDeploymentPostprocessing = 0;
		};
/* End PBXResourcesBuildPhase section */

/* Begin PBXShellScriptBuildPhase section */
		168D3F0DDB121930A2E2622C /* [CP] Check Pods Manifest.lock */ = {
			isa = PBXShellScriptBuildPhase;
			buildActionMask = 2147483647;
			files = (
			);
			inputFileListPaths = (
			);
			inputPaths = (
				"${PODS_PODFILE_DIR_PATH}/Podfile.lock",
				"${PODS_ROOT}/Manifest.lock",
			);
			name = "[CP] Check Pods Manifest.lock";
			outputFileListPaths = (
			);
			outputPaths = (
				"$(DERIVED_FILE_DIR)/Pods-TUIVoiceRoomApp-checkManifestLockResult.txt",
			);
			runOnlyForDeploymentPostprocessing = 0;
			shellPath = /bin/sh;
			shellScript = "diff \"${PODS_PODFILE_DIR_PATH}/Podfile.lock\" \"${PODS_ROOT}/Manifest.lock\" > /dev/null\nif [ $? != 0 ] ; then\n    # print error to STDERR\n    echo \"error: The sandbox is not in sync with the Podfile.lock. Run 'pod install' or update your CocoaPods installation.\" >&2\n    exit 1\nfi\n# This output is used by Xcode 'outputs' to avoid re-running this script phase.\necho \"SUCCESS\" > \"${SCRIPT_OUTPUT_FILE_0}\"\n";
			showEnvVarsInLog = 0;
		};
		A5D7D711C0D3E1032017B637 /* [CP] Copy Pods Resources */ = {
			isa = PBXShellScriptBuildPhase;
			buildActionMask = 2147483647;
			files = (
			);
			inputFileListPaths = (
				"${PODS_ROOT}/Target Support Files/Pods-TUIVoiceRoomApp/Pods-TUIVoiceRoomApp-resources-${CONFIGURATION}-input-files.xcfilelist",
			);
			name = "[CP] Copy Pods Resources";
			outputFileListPaths = (
				"${PODS_ROOT}/Target Support Files/Pods-TUIVoiceRoomApp/Pods-TUIVoiceRoomApp-resources-${CONFIGURATION}-output-files.xcfilelist",
			);
			runOnlyForDeploymentPostprocessing = 0;
			shellPath = /bin/sh;
			shellScript = "\"${PODS_ROOT}/Target Support Files/Pods-TUIVoiceRoomApp/Pods-TUIVoiceRoomApp-resources.sh\"\n";
			showEnvVarsInLog = 0;
		};
		F94B6EF8ED00BA7DD7961719 /* [CP] Embed Pods Frameworks */ = {
			isa = PBXShellScriptBuildPhase;
			buildActionMask = 2147483647;
			files = (
			);
			inputFileListPaths = (
				"${PODS_ROOT}/Target Support Files/Pods-TUIVoiceRoomApp/Pods-TUIVoiceRoomApp-frameworks-${CONFIGURATION}-input-files.xcfilelist",
			);
			name = "[CP] Embed Pods Frameworks";
			outputFileListPaths = (
				"${PODS_ROOT}/Target Support Files/Pods-TUIVoiceRoomApp/Pods-TUIVoiceRoomApp-frameworks-${CONFIGURATION}-output-files.xcfilelist",
			);
			runOnlyForDeploymentPostprocessing = 0;
			shellPath = /bin/sh;
			shellScript = "\"${PODS_ROOT}/Target Support Files/Pods-TUIVoiceRoomApp/Pods-TUIVoiceRoomApp-frameworks.sh\"\n";
			showEnvVarsInLog = 0;
		};
/* End PBXShellScriptBuildPhase section */

/* Begin PBXSourcesBuildPhase section */
		40DD299E2643959A00DC4BA8 /* Sources */ = {
			isa = PBXSourcesBuildPhase;
			buildActionMask = 2147483647;
			files = (
				40DD29AA2643959A00DC4BA8 /* ViewController.swift in Sources */,
				40DD29A62643959A00DC4BA8 /* AppDelegate.swift in Sources */,
				470EB68F266A29730072071F /* VoiceRoomLocalized.swift in Sources */,
				470EB68E266A29730072071F /* VoiceRoomMainRootView.swift in Sources */,
				40DD29A82643959A00DC4BA8 /* SceneDelegate.swift in Sources */,
				470769D726491E26004F4347 /* GenerateTestUserSig.swift in Sources */,
				470EB68D266A29730072071F /* VoiceRoomMainViewController.swift in Sources */,
				66E666517F3F55948223D103 /* TRTCRegisterRootView.swift in Sources */,
				504EB2DACFB8B5F88A874A14 /* TRTCLoginRootView.swift in Sources */,
				1A35028112B7F92C896FC7FF /* UserAgreementViewController+UI.swift in Sources */,
				73B27B8006C8A5EFDB4EA1F1 /* LoginLocalized.swift in Sources */,
				19D536666D99AD8636DA18E8 /* TRTCLoginViewController.swift in Sources */,
				BCB0024AF310B2AB60BEA77C /* ProfileManager_Mock.swift in Sources */,
				E3B46ED709F20F43117BDE5C /* AppUtils.swift in Sources */,
				100096B1A59ED7C3BC339F43 /* TRTCRegisterViewController.swift in Sources */,
				4D2D06E4B7AC1B66B6AC3E54 /* UserAgreementViewController.swift in Sources */,
				46343782AB3D094CDCA1A771 /* LayoutDefine.swift in Sources */,
			);
			runOnlyForDeploymentPostprocessing = 0;
		};
/* End PBXSourcesBuildPhase section */

/* Begin PBXVariantGroup section */
		40DD29B02643959C00DC4BA8 /* LaunchScreen.storyboard */ = {
			isa = PBXVariantGroup;
			children = (
				40DD29B12643959C00DC4BA8 /* Base */,
				4707696C26467252004F4347 /* zh-Hans */,
			);
			name = LaunchScreen.storyboard;
			sourceTree = "<group>";
		};
		470EB688266A29730072071F /* VoiceRoomLocalized.strings */ = {
			isa = PBXVariantGroup;
			children = (
				470EB689266A29730072071F /* zh-Hans */,
				470EB68A266A29730072071F /* en */,
			);
			name = VoiceRoomLocalized.strings;
			sourceTree = "<group>";
		};
		470EB6D6266A47E70072071F /* LaunchScreen_en.storyboard */ = {
			isa = PBXVariantGroup;
			children = (
				470EB6D7266A47E70072071F /* Base */,
			);
			name = LaunchScreen_en.storyboard;
			sourceTree = "<group>";
		};
		470EB6DD266A47FA0072071F /* InfoPlist.strings */ = {
			isa = PBXVariantGroup;
			children = (
				470EB6DC266A47FA0072071F /* en */,
				470EB6DE266A47FE0072071F /* zh-Hans */,
			);
			name = InfoPlist.strings;
			sourceTree = "<group>";
		};
/* End PBXVariantGroup section */

/* Begin XCBuildConfiguration section */
		40DD29B42643959C00DC4BA8 /* Debug */ = {
			isa = XCBuildConfiguration;
			buildSettings = {
				ALWAYS_SEARCH_USER_PATHS = NO;
				CLANG_ANALYZER_LOCALIZABILITY_NONLOCALIZED = YES;
				CLANG_ANALYZER_NONNULL = YES;
				CLANG_ANALYZER_NUMBER_OBJECT_CONVERSION = YES_AGGRESSIVE;
				CLANG_CXX_LANGUAGE_STANDARD = "gnu++14";
				CLANG_CXX_LIBRARY = "libc++";
				CLANG_ENABLE_MODULES = YES;
				CLANG_ENABLE_OBJC_ARC = YES;
				CLANG_ENABLE_OBJC_WEAK = YES;
				CLANG_WARN_BLOCK_CAPTURE_AUTORELEASING = YES;
				CLANG_WARN_BOOL_CONVERSION = YES;
				CLANG_WARN_COMMA = YES;
				CLANG_WARN_CONSTANT_CONVERSION = YES;
				CLANG_WARN_DEPRECATED_OBJC_IMPLEMENTATIONS = YES;
				CLANG_WARN_DIRECT_OBJC_ISA_USAGE = YES_ERROR;
				CLANG_WARN_DOCUMENTATION_COMMENTS = YES;
				CLANG_WARN_EMPTY_BODY = YES;
				CLANG_WARN_ENUM_CONVERSION = YES;
				CLANG_WARN_INFINITE_RECURSION = YES;
				CLANG_WARN_INT_CONVERSION = YES;
				CLANG_WARN_NON_LITERAL_NULL_CONVERSION = YES;
				CLANG_WARN_OBJC_IMPLICIT_RETAIN_SELF = YES;
				CLANG_WARN_OBJC_LITERAL_CONVERSION = YES;
				CLANG_WARN_OBJC_ROOT_CLASS = YES_ERROR;
				CLANG_WARN_QUOTED_INCLUDE_IN_FRAMEWORK_HEADER = YES;
				CLANG_WARN_RANGE_LOOP_ANALYSIS = YES;
				CLANG_WARN_STRICT_PROTOTYPES = YES;
				CLANG_WARN_SUSPICIOUS_MOVE = YES;
				CLANG_WARN_UNGUARDED_AVAILABILITY = YES_AGGRESSIVE;
				CLANG_WARN_UNREACHABLE_CODE = YES;
				CLANG_WARN__DUPLICATE_METHOD_MATCH = YES;
				COPY_PHASE_STRIP = NO;
				DEBUG_INFORMATION_FORMAT = dwarf;
				ENABLE_STRICT_OBJC_MSGSEND = YES;
				ENABLE_TESTABILITY = YES;
				GCC_C_LANGUAGE_STANDARD = gnu11;
				GCC_DYNAMIC_NO_PIC = NO;
				GCC_NO_COMMON_BLOCKS = YES;
				GCC_OPTIMIZATION_LEVEL = 0;
				GCC_PREPROCESSOR_DEFINITIONS = (
					"DEBUG=1",
					"$(inherited)",
				);
				GCC_WARN_64_TO_32_BIT_CONVERSION = YES;
				GCC_WARN_ABOUT_RETURN_TYPE = YES_ERROR;
				GCC_WARN_UNDECLARED_SELECTOR = YES;
				GCC_WARN_UNINITIALIZED_AUTOS = YES_AGGRESSIVE;
				GCC_WARN_UNUSED_FUNCTION = YES;
				GCC_WARN_UNUSED_VARIABLE = YES;
				IPHONEOS_DEPLOYMENT_TARGET = 14.4;
				MTL_ENABLE_DEBUG_INFO = INCLUDE_SOURCE;
				MTL_FAST_MATH = YES;
				ONLY_ACTIVE_ARCH = YES;
				SDKROOT = iphoneos;
				SWIFT_ACTIVE_COMPILATION_CONDITIONS = DEBUG;
				SWIFT_OPTIMIZATION_LEVEL = "-Onone";
			};
			name = Debug;
		};
		40DD29B52643959C00DC4BA8 /* Release */ = {
			isa = XCBuildConfiguration;
			buildSettings = {
				ALWAYS_SEARCH_USER_PATHS = NO;
				CLANG_ANALYZER_LOCALIZABILITY_NONLOCALIZED = YES;
				CLANG_ANALYZER_NONNULL = YES;
				CLANG_ANALYZER_NUMBER_OBJECT_CONVERSION = YES_AGGRESSIVE;
				CLANG_CXX_LANGUAGE_STANDARD = "gnu++14";
				CLANG_CXX_LIBRARY = "libc++";
				CLANG_ENABLE_MODULES = YES;
				CLANG_ENABLE_OBJC_ARC = YES;
				CLANG_ENABLE_OBJC_WEAK = YES;
				CLANG_WARN_BLOCK_CAPTURE_AUTORELEASING = YES;
				CLANG_WARN_BOOL_CONVERSION = YES;
				CLANG_WARN_COMMA = YES;
				CLANG_WARN_CONSTANT_CONVERSION = YES;
				CLANG_WARN_DEPRECATED_OBJC_IMPLEMENTATIONS = YES;
				CLANG_WARN_DIRECT_OBJC_ISA_USAGE = YES_ERROR;
				CLANG_WARN_DOCUMENTATION_COMMENTS = YES;
				CLANG_WARN_EMPTY_BODY = YES;
				CLANG_WARN_ENUM_CONVERSION = YES;
				CLANG_WARN_INFINITE_RECURSION = YES;
				CLANG_WARN_INT_CONVERSION = YES;
				CLANG_WARN_NON_LITERAL_NULL_CONVERSION = YES;
				CLANG_WARN_OBJC_IMPLICIT_RETAIN_SELF = YES;
				CLANG_WARN_OBJC_LITERAL_CONVERSION = YES;
				CLANG_WARN_OBJC_ROOT_CLASS = YES_ERROR;
				CLANG_WARN_QUOTED_INCLUDE_IN_FRAMEWORK_HEADER = YES;
				CLANG_WARN_RANGE_LOOP_ANALYSIS = YES;
				CLANG_WARN_STRICT_PROTOTYPES = YES;
				CLANG_WARN_SUSPICIOUS_MOVE = YES;
				CLANG_WARN_UNGUARDED_AVAILABILITY = YES_AGGRESSIVE;
				CLANG_WARN_UNREACHABLE_CODE = YES;
				CLANG_WARN__DUPLICATE_METHOD_MATCH = YES;
				COPY_PHASE_STRIP = NO;
				DEBUG_INFORMATION_FORMAT = "dwarf-with-dsym";
				ENABLE_NS_ASSERTIONS = NO;
				ENABLE_STRICT_OBJC_MSGSEND = YES;
				GCC_C_LANGUAGE_STANDARD = gnu11;
				GCC_NO_COMMON_BLOCKS = YES;
				GCC_WARN_64_TO_32_BIT_CONVERSION = YES;
				GCC_WARN_ABOUT_RETURN_TYPE = YES_ERROR;
				GCC_WARN_UNDECLARED_SELECTOR = YES;
				GCC_WARN_UNINITIALIZED_AUTOS = YES_AGGRESSIVE;
				GCC_WARN_UNUSED_FUNCTION = YES;
				GCC_WARN_UNUSED_VARIABLE = YES;
				IPHONEOS_DEPLOYMENT_TARGET = 14.4;
				MTL_ENABLE_DEBUG_INFO = NO;
				MTL_FAST_MATH = YES;
				SDKROOT = iphoneos;
				SWIFT_COMPILATION_MODE = wholemodule;
				SWIFT_OPTIMIZATION_LEVEL = "-O";
				VALIDATE_PRODUCT = YES;
			};
			name = Release;
		};
		40DD29B72643959C00DC4BA8 /* Debug */ = {
			isa = XCBuildConfiguration;
			baseConfigurationReference = 50AF24CC202C741150F42FDA /* Pods-TUIVoiceRoomApp.debug.xcconfig */;
			buildSettings = {
				ASSETCATALOG_COMPILER_APPICON_NAME = AppIcon;
				ASSETCATALOG_COMPILER_GLOBAL_ACCENT_COLOR_NAME = AccentColor;
				CODE_SIGN_IDENTITY = "iPhone Developer";
				CODE_SIGN_STYLE = Manual;
				DEVELOPMENT_TEAM = F8A3GH6Q4W;
				ENABLE_BITCODE = NO;
				HEADER_SEARCH_PATHS = (
					"$(inherited)",
					"\"${PODS_CONFIGURATION_BUILD_DIR}/Alamofire/Alamofire.framework/Headers\"",
					"\"${PODS_CONFIGURATION_BUILD_DIR}/Kingfisher/Kingfisher.framework/Headers\"",
					"\"${PODS_CONFIGURATION_BUILD_DIR}/MJRefresh/MJRefresh.framework/Headers\"",
					"\"${PODS_CONFIGURATION_BUILD_DIR}/NVActivityIndicatorView/NVActivityIndicatorView.framework/Headers\"",
					"\"${PODS_CONFIGURATION_BUILD_DIR}/SnapKit/SnapKit.framework/Headers\"",
					"\"${PODS_CONFIGURATION_BUILD_DIR}/TRTCVoiceRoom/TRTCVoiceRoom.framework/Headers\"",
					"\"${PODS_CONFIGURATION_BUILD_DIR}/TXAppBasic/TXAppBasic.framework/Headers\"",
					"\"${PODS_CONFIGURATION_BUILD_DIR}/TXAppCore/TXAppCore.framework/Headers\"",
					"\"${PODS_CONFIGURATION_BUILD_DIR}/Toast-Swift/Toast_Swift.framework/Headers\"",
					"${PODS_ROOT}/TXLiteAVSDK_TRTC/TXLiteAVSDK_TRTC.framework/Headers/",
					"${SRCROOT}/../SDK/TXLiteAVSDK_TRTC.framework/Headers/",
				);
				INFOPLIST_FILE = App/Info.plist;
				IPHONEOS_DEPLOYMENT_TARGET = 13.0;
				LD_RUNPATH_SEARCH_PATHS = (
					"$(inherited)",
					"@executable_path/Frameworks",
				);
				OTHER_LDFLAGS = (
					"$(inherited)",
					"-ObjC",
					"-l\"c++\"",
					"-l\"resolv\"",
					"-framework",
					"\"AVFoundation\"",
					"-framework",
					"\"Accelerate\"",
					"-framework",
					"\"Alamofire\"",
					"-framework",
					"\"CFNetwork\"",
					"-framework",
					"\"Kingfisher\"",
					"-framework",
					"\"MJExtension\"",
					"-framework",
					"\"MJRefresh\"",
					"-framework",
					"\"QuartzCore\"",
					"-framework",
					"\"SnapKit\"",
					"-framework",
					"\"TUIVoiceRoom\"",
					"-framework",
					"\"TXAppBasic\"",
					"-framework",
					"\"Toast_Swift\"",
					"-weak_framework",
					"\"Combine\"",
					"-weak_framework",
					"\"SwiftUI\"",
				);
				PRODUCT_BUNDLE_IDENTIFIER = com.aby.TUIVoiceRoom;
				PRODUCT_NAME = "$(TARGET_NAME)";
				PROVISIONING_PROFILE_SPECIFIER = abyWildcardDev;
				SWIFT_OBJC_BRIDGING_HEADER = "";
				SWIFT_VERSION = 5.0;
				TARGETED_DEVICE_FAMILY = 1;
			};
			name = Debug;
		};
		40DD29B82643959C00DC4BA8 /* Release */ = {
			isa = XCBuildConfiguration;
			baseConfigurationReference = 7A9774C00A00F3E96CE1E81B /* Pods-TUIVoiceRoomApp.release.xcconfig */;
			buildSettings = {
				ASSETCATALOG_COMPILER_APPICON_NAME = AppIcon;
				ASSETCATALOG_COMPILER_GLOBAL_ACCENT_COLOR_NAME = AccentColor;
				CODE_SIGN_IDENTITY = "iPhone Developer";
				CODE_SIGN_STYLE = Manual;
				DEVELOPMENT_TEAM = F8A3GH6Q4W;
				ENABLE_BITCODE = NO;
				INFOPLIST_FILE = App/Info.plist;
				IPHONEOS_DEPLOYMENT_TARGET = 13.0;
				LD_RUNPATH_SEARCH_PATHS = (
					"$(inherited)",
					"@executable_path/Frameworks",
				);
				OTHER_LDFLAGS = (
					"$(inherited)",
					"-ObjC",
					"-l\"c++\"",
					"-l\"resolv\"",
					"-framework",
					"\"AVFoundation\"",
					"-framework",
					"\"Accelerate\"",
					"-framework",
					"\"Alamofire\"",
					"-framework",
					"\"CFNetwork\"",
					"-framework",
					"\"Kingfisher\"",
					"-framework",
					"\"MJExtension\"",
					"-framework",
					"\"MJRefresh\"",
					"-framework",
					"\"QuartzCore\"",
					"-framework",
					"\"SnapKit\"",
					"-framework",
					"\"TUIVoiceRoom\"",
					"-framework",
					"\"TXAppBasic\"",
					"-framework",
					"\"Toast_Swift\"",
					"-weak_framework",
					"\"Combine\"",
					"-weak_framework",
					"\"SwiftUI\"",
				);
				PRODUCT_BUNDLE_IDENTIFIER = com.aby.TUIVoiceRoom;
				PRODUCT_NAME = "$(TARGET_NAME)";
				PROVISIONING_PROFILE_SPECIFIER = abyWildcardDev;
				SWIFT_OBJC_BRIDGING_HEADER = "";
				SWIFT_VERSION = 5.0;
				TARGETED_DEVICE_FAMILY = 1;
			};
			name = Release;
		};
/* End XCBuildConfiguration section */

/* Begin XCConfigurationList section */
		40DD299D2643959A00DC4BA8 /* Build configuration list for PBXProject "TUIVoiceRoomApp" */ = {
			isa = XCConfigurationList;
			buildConfigurations = (
				40DD29B42643959C00DC4BA8 /* Debug */,
				40DD29B52643959C00DC4BA8 /* Release */,
			);
			defaultConfigurationIsVisible = 0;
			defaultConfigurationName = Release;
		};
		40DD29B62643959C00DC4BA8 /* Build configuration list for PBXNativeTarget "TUIVoiceRoomApp" */ = {
			isa = XCConfigurationList;
			buildConfigurations = (
				40DD29B72643959C00DC4BA8 /* Debug */,
				40DD29B82643959C00DC4BA8 /* Release */,
			);
			defaultConfigurationIsVisible = 0;
			defaultConfigurationName = Release;
		};
/* End XCConfigurationList section */
	};
	rootObject = 40DD299A2643959A00DC4BA8 /* Project object */;
}
