PODS:
  - Alamofire (5.5.0)
  - Kingfisher (7.2.0)
  - MJExtension (3.4.1)
  - MJRefresh (3.7.5)
  - SnapKit (5.0.1)
  - Toast-Swift (5.0.1)
  - TUIVoiceRoom/TRTC_Preview (1.0.0):
    - Alamofire
    - Kingfisher
    - MJExtension
    - MJRefresh
    - SnapKit
    - Toast-Swift
    - TXAppBasic
    - TXIMSDK_Plus_iOS (~> 5.7.1435)
    - TXLiteAVSDK_TRTC_Preview
  - TXAppBasic (1.0.0)
  - TXIMSDK_Plus_iOS (5.7.1435)
  - TXLiteAVSDK_TRTC_Preview (9.6.0.11366)

DEPENDENCIES:
  - TUIVoiceRoom/TRTC_Preview (from `./`)
  - TXAppBasic (from `TXAppBasic/`)
  - TXLiteAVSDK_TRTC_Preview (from `https://sdk-liteav-1252463788.cos.ap-hongkong.myqcloud.com/pod/liteavsdkspec/TXLiteAVSDK_TRTC_Preview.podspec`)

SPEC REPOS:
  trunk:
    - Alamofire
    - Kingfisher
    - MJExtension
    - MJRefresh
    - SnapKit
    - Toast-Swift
    - TXIMSDK_Plus_iOS

EXTERNAL SOURCES:
  TUIVoiceRoom:
    :path: "./"
  TXAppBasic:
    :path: TXAppBasic/
  TXLiteAVSDK_TRTC_Preview:
    :podspec: https://sdk-liteav-1252463788.cos.ap-hongkong.myqcloud.com/pod/liteavsdkspec/TXLiteAVSDK_TRTC_Preview.podspec

SPEC CHECKSUMS:
  Alamofire: 1c4fb5369c3fe93d2857c780d8bbe09f06f97e7c
  Kingfisher: 3ac0b75b155cabc0e544877d1a4deea29feece92
  MJExtension: 21c5f6f8c4d5d8844b7ae8fbae08fed0b501f961
  MJRefresh: fdf5e979eb406a0341468932d1dfc8b7f9fce961
  SnapKit: 97b92857e3df3a0c71833cce143274bf6ef8e5eb
  Toast-Swift: 9b6a70f28b3bf0b96c40d46c0c4b9d6639846711
  TUIVoiceRoom: 956d5f4d8a04d55846da13400af5fca656865861
  TXAppBasic: f72fd658cb2cec20f0368158752b82226cb6cdec
  TXIMSDK_Plus_iOS: 4b7c1097ea9899f7bf95fa90e2cb4471389f93dd
  TXLiteAVSDK_TRTC_Preview: 3f7676ca9a163aa8994a3f7ff557e8f1e6e16841

PODFILE CHECKSUM: 6ca5a9cfe148875d03dc5ad8f935d11820933770

COCOAPODS: 1.10.1
