PODS:
  - Alamofire (5.4.1)
  - Kingfisher (6.3.0)
  - MJExtension (3.2.2)
  - MJRefresh (3.5.0)
  - SnapKit (5.0.1)
  - Toast-Swift (5.0.1)
  - TUIVoiceRoom/TRTC (1.0.0):
    - Alamofire
    - Kingfisher
    - MJExtension
    - MJRefresh
    - SnapKit
    - Toast-Swift
    - TXAppBasic
    - TXIMSDK_Plus_iOS (~> 5.7.1435)
    - TXLiteAVSDK_TRTC
  - TXAppBasic (1.0.0)
  - TXIMSDK_Plus_iOS (5.7.1435)
  - TXLiteAVSDK_TRTC (8.1.9719)

DEPENDENCIES:
  - TUIVoiceRoom/TRTC (from `./`)
  - TXAppBasic (from `../TXAppBasic/`)
  - TXLiteAVSDK_TRTC

SPEC REPOS:
  trunk:
    - Alamofire
    - Kingfisher
    - MJExtension
    - MJRefresh
    - SnapKit
    - Toast-Swift
    - TXIMSDK_Plus_iOS
    - TXLiteAVSDK_TRTC

EXTERNAL SOURCES:
  TUIVoiceRoom:
    :path: "./"
  TXAppBasic:
    :path: "../TXAppBasic/"

SPEC CHECKSUMS:
  Alamofire: 2291f7d21ca607c491dd17642e5d40fdcda0e65c
  Kingfisher: 6c3df386db71d82c0817a429d2c9421a77396529
  MJExtension: d9b9c74cbdeb724c1e9ecbb157b318276e62e876
  MJRefresh: 6afc955813966afb08305477dd7a0d9ad5e79a16
  SnapKit: 97b92857e3df3a0c71833cce143274bf6ef8e5eb
  Toast-Swift: 9b6a70f28b3bf0b96c40d46c0c4b9d6639846711
  TUIVoiceRoom: 617ef9f020a4bf98fc2ac1377ba83e5f777f81ef
  TXAppBasic: f72fd658cb2cec20f0368158752b82226cb6cdec
  TXIMSDK_Plus_iOS: 4b7c1097ea9899f7bf95fa90e2cb4471389f93dd
  TXLiteAVSDK_TRTC: dd581804b8badfffaf1d00856d7f2812eb8a47d4

PODFILE CHECKSUM: b932869c9f6c939b2cde1863780ae278b095033c

COCOAPODS: 1.11.2
